<?xml version="1.0" encoding="utf-8"?>
<Project ToolsVersion="4.0" xmlns="http://schemas.microsoft.com/developer/msbuild/2003">
  <ItemGroup>
    <Filter Include="lib">
      <UniqueIdentifier>{80be8373-d92a-4039-830e-893dff3e4f10}</UniqueIdentifier>
    </Filter>
    <Filter Include="lib\include">
      <UniqueIdentifier>{ad81bc26-a16f-4c82-ae14-0fec8011abbb}</UniqueIdentifier>
    </Filter>
    <Filter Include="network">
      <UniqueIdentifier>{9bd3fc34-8ba0-4876-90b2-17a81c74e410}</UniqueIdentifier>
    </Filter>
    <Filter Include="network\include">
      <UniqueIdentifier>{c9b0c6a1-9e61-4c05-b967-cef566d4ab73}</UniqueIdentifier>
    </Filter>
    <Filter Include="network\domain">
      <UniqueIdentifier>{d79719b5-c8b8-4ebf-9f7e-5b348d324d73}</UniqueIdentifier>
    </Filter>
    <Filter Include="network\infrastructure">
      <UniqueIdentifier>{5b938e7b-620c-4342-89ac-61f94e2d6d40}</UniqueIdentifier>
    </Filter>
    <Filter Include="network\domain\server">
      <UniqueIdentifier>{e176ba73-667b-4aba-9baf-adf2b86f31cc}</UniqueIdentifier>
    </Filter>
    <Filter Include="network\domain\client">
      <UniqueIdentifier>{24a80bd4-0144-4253-9810-c92e6fefadcb}</UniqueIdentifier>
    </Filter>
    <Filter Include="core">
      <UniqueIdentifier>{c2c848cd-31e3-437c-abda-3bf50f91a859}</UniqueIdentifier>
    </Filter>
    <Filter Include="core\include">
      <UniqueIdentifier>{11a3174f-55e0-4ec7-bc48-b616b16cc7d9}</UniqueIdentifier>
    </Filter>
  </ItemGroup>
  <ItemGroup>
    <ClInclude Include=".\lib\common.h">
      <Filter>lib</Filter>
    </ClInclude>
    <ClInclude Include=".\lib\include\engine_lib.h">
      <Filter>lib\include</Filter>
    </ClInclude>
    <ClInclude Include="network\include\engine_network.h">
      <Filter>network\include</Filter>
    </ClInclude>
    <ClInclude Include="lib\event.h">
      <Filter>lib</Filter>
    </ClInclude>
    <ClInclude Include="lib\event_aggregator.h">
      <Filter>lib</Filter>
    </ClInclude>
    <ClInclude Include="lib\byte_stream.h">
      <Filter>lib</Filter>
    </ClInclude>
    <ClInclude Include="network\message_base.h">
      <Filter>network\domain</Filter>
    </ClInclude>
    <ClInclude Include="network\receive_message.h">
      <Filter>network\domain</Filter>
    </ClInclude>
    <ClInclude Include=".\network\udp_socket.h">
      <Filter>network\infrastructure</Filter>
    </ClInclude>
    <ClInclude Include=".\network\socket_base.h">
      <Filter>network\infrastructure</Filter>
    </ClInclude>
    <ClInclude Include=".\network\socket_base-impl.h">
      <Filter>network\infrastructure</Filter>
    </ClInclude>
    <ClInclude Include="network\client.h">
      <Filter>network\infrastructure</Filter>
    </ClInclude>
    <ClInclude Include="network\server.h">
      <Filter>network\infrastructure</Filter>
    </ClInclude>
    <ClInclude Include="network\server_reactor.h">
      <Filter>network\domain\server</Filter>
    </ClInclude>
    <ClInclude Include="network\server_channel.h">
      <Filter>network\domain\server</Filter>
    </ClInclude>
    <ClInclude Include="network\server_interface.h">
      <Filter>network\domain\server</Filter>
    </ClInclude>
    <ClInclude Include="network\server_message.h">
      <Filter>network\domain\server</Filter>
    </ClInclude>
    <ClInclude Include="network\server_message_handler.h">
      <Filter>network\domain\server</Filter>
    </ClInclude>
    <ClInclude Include="network\server_packet.h">
      <Filter>network\domain\server</Filter>
    </ClInclude>
    <ClInclude Include="network\client_interface.h">
      <Filter>network\domain\client</Filter>
    </ClInclude>
    <ClInclude Include="network\client_message.h">
      <Filter>network\domain\client</Filter>
    </ClInclude>
    <ClInclude Include="network\client_message_processor.h">
      <Filter>network\domain\client</Filter>
    </ClInclude>
    <ClInclude Include="core\game_loop.h">
      <Filter>core</Filter>
    </ClInclude>
    <ClInclude Include="core\include\engine_core.h">
      <Filter>core\include</Filter>
    </ClInclude>
    <ClInclude Include="lib\event_processor.h">
      <Filter>lib</Filter>
    </ClInclude>
    <ClInclude Include="lib\time_filter.h">
      <Filter>lib</Filter>
    </ClInclude>
  </ItemGroup>
  <ItemGroup>
    <ClCompile Include=".\network\udp_socket.cc">
      <Filter>network\infrastructure</Filter>
    </ClCompile>
    <ClCompile Include=".\network\socket_base.cc">
      <Filter>network\infrastructure</Filter>
    </ClCompile>
    <ClCompile Include="network\client.cc">
      <Filter>network\infrastructure</Filter>
    </ClCompile>
    <ClCompile Include="network\server.cc">
      <Filter>network\infrastructure</Filter>
    </ClCompile>
    <ClCompile Include="network\server_reactor.cc">
      <Filter>network\domain\server</Filter>
    </ClCompile>
    <ClCompile Include="network\client_message_processor.cc">
      <Filter>network\domain\client</Filter>
    </ClCompile>
  </ItemGroup>
</Project>