<?xml version="1.0" encoding="utf-8"?>
<Project ToolsVersion="4.0" xmlns="http://schemas.microsoft.com/developer/msbuild/2003">
  <ItemGroup>
    <ClCompile Include="..\..\lib\bullet-2.81-rev2613\src\BulletDynamics\Character\btKinematicCharacterController.cpp" />
    <ClCompile Include="..\..\lib\bullet-2.81-rev2613\src\BulletDynamics\ConstraintSolver\btConeTwistConstraint.cpp" />
    <ClCompile Include="..\..\lib\bullet-2.81-rev2613\src\BulletDynamics\ConstraintSolver\btContactConstraint.cpp" />
    <ClCompile Include="..\..\lib\bullet-2.81-rev2613\src\BulletDynamics\ConstraintSolver\btGearConstraint.cpp" />
    <ClCompile Include="..\..\lib\bullet-2.81-rev2613\src\BulletDynamics\ConstraintSolver\btGeneric6DofConstraint.cpp" />
    <ClCompile Include="..\..\lib\bullet-2.81-rev2613\src\BulletDynamics\ConstraintSolver\btGeneric6DofSpringConstraint.cpp" />
    <ClCompile Include="..\..\lib\bullet-2.81-rev2613\src\BulletDynamics\ConstraintSolver\btHinge2Constraint.cpp" />
    <ClCompile Include="..\..\lib\bullet-2.81-rev2613\src\BulletDynamics\ConstraintSolver\btHingeConstraint.cpp" />
    <ClCompile Include="..\..\lib\bullet-2.81-rev2613\src\BulletDynamics\ConstraintSolver\btPoint2PointConstraint.cpp" />
    <ClCompile Include="..\..\lib\bullet-2.81-rev2613\src\BulletDynamics\ConstraintSolver\btSequentialImpulseConstraintSolver.cpp" />
    <ClCompile Include="..\..\lib\bullet-2.81-rev2613\src\BulletDynamics\ConstraintSolver\btSliderConstraint.cpp" />
    <ClCompile Include="..\..\lib\bullet-2.81-rev2613\src\BulletDynamics\ConstraintSolver\btSolve2LinearConstraint.cpp" />
    <ClCompile Include="..\..\lib\bullet-2.81-rev2613\src\BulletDynamics\ConstraintSolver\btTypedConstraint.cpp" />
    <ClCompile Include="..\..\lib\bullet-2.81-rev2613\src\BulletDynamics\ConstraintSolver\btUniversalConstraint.cpp" />
    <ClCompile Include="..\..\lib\bullet-2.81-rev2613\src\BulletDynamics\Dynamics\btDiscreteDynamicsWorld.cpp" />
    <ClCompile Include="..\..\lib\bullet-2.81-rev2613\src\BulletDynamics\Dynamics\btRigidBody.cpp" />
    <ClCompile Include="..\..\lib\bullet-2.81-rev2613\src\BulletDynamics\Dynamics\btSimpleDynamicsWorld.cpp" />
    <ClCompile Include="..\..\lib\bullet-2.81-rev2613\src\BulletDynamics\Dynamics\Bullet-C-API.cpp" />
    <ClCompile Include="..\..\lib\bullet-2.81-rev2613\src\BulletDynamics\Vehicle\btRaycastVehicle.cpp" />
    <ClCompile Include="..\..\lib\bullet-2.81-rev2613\src\BulletDynamics\Vehicle\btWheelInfo.cpp" />
  </ItemGroup>
</Project>