<?xml version="1.0" encoding="utf-8"?>
<Project ToolsVersion="4.0" xmlns="http://schemas.microsoft.com/developer/msbuild/2003">
  <ItemGroup>
    <ClCompile Include=".\bytestream_test.cc" />
    <ClCompile Include="c11_test.cc" />
    <ClCompile Include=".\main_test.cc" />
    <ClCompile Include="network_test.cc" />
    <ClCompile Include=".\socket_test.cc" />
    <ClCompile Include="physics_test.cc" />
    <ClCompile Include="glfw_test.cc" />
    <ClCompile Include="game_test.cc" />
    <ClCompile Include="GLTools\src\GLBatch.cpp">
      <Filter>gltools</Filter>
    </ClCompile>
    <ClCompile Include="GLTools\src\GLShaderManager.cpp">
      <Filter>gltools</Filter>
    </ClCompile>
    <ClCompile Include="GLTools\src\GLTools.cpp">
      <Filter>gltools</Filter>
    </ClCompile>
    <ClCompile Include="GLTools\src\GLTriangleBatch.cpp">
      <Filter>gltools</Filter>
    </ClCompile>
    <ClCompile Include="GLTools\src\math3d.cpp">
      <Filter>gltools</Filter>
    </ClCompile>
  </ItemGroup>
  <ItemGroup>
    <Filter Include="gltools">
      <UniqueIdentifier>{10eefb22-2193-411c-a4e1-04ad2bc6c8ac}</UniqueIdentifier>
    </Filter>
  </ItemGroup>
</Project>