<?xml version="1.0" encoding="utf-8"?>
<Project ToolsVersion="4.0" xmlns="http://schemas.microsoft.com/developer/msbuild/2003">
  <ItemGroup>
    <ClCompile Include=".\bytestream_test.cc" />
    <ClCompile Include="c11_test.cc" />
    <ClCompile Include=".\main_test.cc" />
    <ClCompile Include="network_test.cc" />
    <ClCompile Include=".\socket_test.cc" />
    <ClCompile Include="physics_test.cc" />
    <ClCompile Include="glfw_test.cc" />
  </ItemGroup>
</Project>