<?xml version="1.0" encoding="utf-8"?>
<Project ToolsVersion="4.0" xmlns="http://schemas.microsoft.com/developer/msbuild/2003">
  <ItemGroup>
    <Filter Include="Source Files">
      <UniqueIdentifier>{4FC737F1-C7A5-4376-A066-2A32D752A2FF}</UniqueIdentifier>
      <Extensions>cpp;c;cc;cxx;def;odl;idl;hpj;bat;asm;asmx</Extensions>
    </Filter>
    <Filter Include="Header Files">
      <UniqueIdentifier>{93995380-89BD-4b04-88EB-625FBE52EBFB}</UniqueIdentifier>
      <Extensions>h;hpp;hxx;hm;inl;inc;xsd</Extensions>
    </Filter>
    <Filter Include="Resource Files">
      <UniqueIdentifier>{67DA6AB6-F800-4c08-8B7A-83BB121AAD01}</UniqueIdentifier>
      <Extensions>rc;ico;cur;bmp;dlg;rc2;rct;bin;rgs;gif;jpg;jpeg;jpe;resx;tiff;tif;png;wav;mfcribbon-ms</Extensions>
    </Filter>
    <Filter Include="Header Files\lib">
      <UniqueIdentifier>{80be8373-d92a-4039-830e-893dff3e4f10}</UniqueIdentifier>
    </Filter>
    <Filter Include="Header Files\network">
      <UniqueIdentifier>{9bd3fc34-8ba0-4876-90b2-17a81c74e410}</UniqueIdentifier>
    </Filter>
    <Filter Include="Source Files\lib">
      <UniqueIdentifier>{0d113abb-a689-4ac1-9eb7-7c42e4e175f4}</UniqueIdentifier>
    </Filter>
    <Filter Include="Source Files\network">
      <UniqueIdentifier>{d79dcd6e-a3ac-4533-ad72-eece3601eb42}</UniqueIdentifier>
    </Filter>
  </ItemGroup>
  <ItemGroup>
    <ClInclude Include="lib\ByteStream.hpp">
      <Filter>Header Files\lib</Filter>
    </ClInclude>
    <ClInclude Include="lib\Messages.hpp">
      <Filter>Header Files\lib</Filter>
    </ClInclude>
    <ClInclude Include="lib\Types.hpp">
      <Filter>Header Files\lib</Filter>
    </ClInclude>
    <ClInclude Include="network\Network.hpp">
      <Filter>Header Files\network</Filter>
    </ClInclude>
    <ClInclude Include="network\Packet.hpp">
      <Filter>Header Files\network</Filter>
    </ClInclude>
    <ClInclude Include="network\Socket.hpp">
      <Filter>Header Files\network</Filter>
    </ClInclude>
    <ClInclude Include="lib\TELib.hpp">
      <Filter>Header Files\lib</Filter>
    </ClInclude>
  </ItemGroup>
  <ItemGroup>
    <ClCompile Include="lib\ByteStream.cpp">
      <Filter>Source Files\lib</Filter>
    </ClCompile>
    <ClCompile Include="network\Network.cpp">
      <Filter>Source Files\network</Filter>
    </ClCompile>
    <ClCompile Include="network\Packet.cpp">
      <Filter>Source Files\network</Filter>
    </ClCompile>
    <ClCompile Include="network\Socket.cpp">
      <Filter>Source Files\network</Filter>
    </ClCompile>
    <ClCompile Include="test.cpp">
      <Filter>Source Files</Filter>
    </ClCompile>
  </ItemGroup>
</Project>